
Microsoft Visual Studio Solution File, Format Version 12.00
# Visual Studio Version 17
VisualStudioVersion = 17.4.33213.308
MinimumVisualStudioVersion = 10.0.40219.1
Project("{9A19103F-16F7-4668-BE54-9A1E7A4F7556}") = "WebApplication1", "WebApplication1.csproj", "{CE64CD69-68F1-4687-A887-CC65FA5B22B3}"
EndProject
Global
	GlobalSection(SolutionConfigurationPlatforms) = preSolution
		Debug|Any CPU = Debug|Any CPU
		Release|Any CPU = Release|Any CPU
	EndGlobalSection
	GlobalSection(ProjectConfigurationPlatforms) = postSolution
		{CE64CD69-68F1-4687-A887-CC65FA5B22B3}.Debug|Any CPU.ActiveCfg = Debug|Any CPU
		{CE64CD69-68F1-4687-A887-CC65FA5B22B3}.Debug|Any CPU.Build.0 = Debug|Any CPU
		{CE64CD69-68F1-4687-A887-CC65FA5B22B3}.Release|Any CPU.ActiveCfg = Release|Any CPU
		{CE64CD69-68F1-4687-A887-CC65FA5B22B3}.Release|Any CPU.Build.0 = Release|Any CPU
	EndGlobalSection
	GlobalSection(SolutionProperties) = preSolution
		HideSolutionNode = FALSE
	EndGlobalSection
	GlobalSection(ExtensibilityGlobals) = postSolution
		SolutionGuid = {1A313F03-406A-4385-8224-EBD5E7702E64}
	EndGlobalSection
EndGlobal
